
Microsoft Visual Studio Solution File, Format Version 12.00
Project("{FAE04EC0-301F-11D3-BF4B-00C04F79EFBC}") = "Skedl.DataStorage", "Skedl.DataStorage\Skedl.DataStorage.csproj", "{21092B16-92AA-4BA8-A494-3EFFAF88AD0E}"
EndProject
Global
	GlobalSection(SolutionConfigurationPlatforms) = preSolution
		Debug|Any CPU = Debug|Any CPU
		Release|Any CPU = Release|Any CPU
	EndGlobalSection
	GlobalSection(ProjectConfigurationPlatforms) = postSolution
		{21092B16-92AA-4BA8-A494-3EFFAF88AD0E}.Debug|Any CPU.ActiveCfg = Debug|Any CPU
		{21092B16-92AA-4BA8-A494-3EFFAF88AD0E}.Debug|Any CPU.Build.0 = Debug|Any CPU
		{21092B16-92AA-4BA8-A494-3EFFAF88AD0E}.Release|Any CPU.ActiveCfg = Release|Any CPU
		{21092B16-92AA-4BA8-A494-3EFFAF88AD0E}.Release|Any CPU.Build.0 = Release|Any CPU
	EndGlobalSection
EndGlobal
