
Microsoft Visual Studio Solution File, Format Version 12.00
Project("{FAE04EC0-301F-11D3-BF4B-00C04F79EFBC}") = "Skedl.DataStorage", "Skedl.DataStorage\Skedl.DataStorage.csproj", "{36FA2EFA-1D0C-4FC9-8FE7-0387242322F9}"
EndProject
Global
	GlobalSection(SolutionConfigurationPlatforms) = preSolution
		Debug|Any CPU = Debug|Any CPU
		Release|Any CPU = Release|Any CPU
	EndGlobalSection
	GlobalSection(ProjectConfigurationPlatforms) = postSolution
		{36FA2EFA-1D0C-4FC9-8FE7-0387242322F9}.Debug|Any CPU.ActiveCfg = Debug|Any CPU
		{36FA2EFA-1D0C-4FC9-8FE7-0387242322F9}.Debug|Any CPU.Build.0 = Debug|Any CPU
		{36FA2EFA-1D0C-4FC9-8FE7-0387242322F9}.Release|Any CPU.ActiveCfg = Release|Any CPU
		{36FA2EFA-1D0C-4FC9-8FE7-0387242322F9}.Release|Any CPU.Build.0 = Release|Any CPU
	EndGlobalSection
EndGlobal
