
Microsoft Visual Studio Solution File, Format Version 12.00
Project("{FAE04EC0-301F-11D3-BF4B-00C04F79EFBC}") = "Skedl.Api", "Skedl.Api\Skedl.Api.csproj", "{2A4E443A-E170-4F34-A974-561296880A41}"
EndProject
Global
	GlobalSection(SolutionConfigurationPlatforms) = preSolution
		Debug|Any CPU = Debug|Any CPU
		Release|Any CPU = Release|Any CPU
	EndGlobalSection
	GlobalSection(ProjectConfigurationPlatforms) = postSolution
		{2A4E443A-E170-4F34-A974-561296880A41}.Debug|Any CPU.ActiveCfg = Debug|Any CPU
		{2A4E443A-E170-4F34-A974-561296880A41}.Debug|Any CPU.Build.0 = Debug|Any CPU
		{2A4E443A-E170-4F34-A974-561296880A41}.Release|Any CPU.ActiveCfg = Release|Any CPU
		{2A4E443A-E170-4F34-A974-561296880A41}.Release|Any CPU.Build.0 = Release|Any CPU
	EndGlobalSection
EndGlobal
